
Microsoft Visual Studio Solution File, Format Version 12.00
# Blend for Visual Studio Version 17
VisualStudioVersion = 17.9.34607.119
MinimumVisualStudioVersion = 10.0.40219.1
Project("{FAE04EC0-301F-11D3-BF4B-00C04F79EFBC}") = "GameTD", "GameTD\GameTD.csproj", "{1A52C86E-F271-4BBF-A1FE-67730839A911}"
EndProject
Global
	GlobalSection(SolutionConfigurationPlatforms) = preSolution
		Debug|Any CPU = Debug|Any CPU
		Release|Any CPU = Release|Any CPU
	EndGlobalSection
	GlobalSection(ProjectConfigurationPlatforms) = postSolution
		{1A52C86E-F271-4BBF-A1FE-67730839A911}.Debug|Any CPU.ActiveCfg = Debug|Any CPU
		{1A52C86E-F271-4BBF-A1FE-67730839A911}.Debug|Any CPU.Build.0 = Debug|Any CPU
		{1A52C86E-F271-4BBF-A1FE-67730839A911}.Release|Any CPU.ActiveCfg = Release|Any CPU
		{1A52C86E-F271-4BBF-A1FE-67730839A911}.Release|Any CPU.Build.0 = Release|Any CPU
	EndGlobalSection
	GlobalSection(SolutionProperties) = preSolution
		HideSolutionNode = FALSE
	EndGlobalSection
	GlobalSection(ExtensibilityGlobals) = postSolution
		SolutionGuid = {38E9B736-6300-4DE9-B8B0-5B5ED8FDB86E}
	EndGlobalSection
EndGlobal
